<?xml version="1.0" encoding="utf-8"?>
<Project ToolsVersion="4.0" xmlns="http://schemas.microsoft.com/developer/msbuild/2003">
  <ItemGroup>
    <ClCompile Include="EquipmentReport.cpp">
      <Filter>EquipmentReports</Filter>
    </ClCompile>
    <ClCompile Include="EquipmentReportManager.cpp" />
    <ClCompile Include="TreadmillReport.cpp">
      <Filter>EquipmentReports</Filter>
    </ClCompile>
    <ClCompile Include="RowingMachineReport.cpp">
      <Filter>EquipmentReports</Filter>
    </ClCompile>
    <ClCompile Include="EquipmentManager.pb.cc">
      <Filter>protobuf</Filter>
    </ClCompile>
  </ItemGroup>
  <ItemGroup>
    <ClInclude Include="EquipmentReport.h">
      <Filter>EquipmentReports</Filter>
    </ClInclude>
    <ClInclude Include="EquipmentReportManager.h" />
    <ClInclude Include="TreadmillReport.h">
      <Filter>EquipmentReports</Filter>
    </ClInclude>
    <ClInclude Include="RowingMachineReport.h">
      <Filter>EquipmentReports</Filter>
    </ClInclude>
    <ClInclude Include="EquipmentManager.pb.h">
      <Filter>protobuf</Filter>
    </ClInclude>
  </ItemGroup>
  <ItemGroup>
    <Filter Include="EquipmentReports">
      <UniqueIdentifier>{3b7ed6e4-6708-4cc1-b70c-80a07e3350f1}</UniqueIdentifier>
    </Filter>
    <Filter Include="protobuf">
      <UniqueIdentifier>{49b05654-3438-44c1-b970-4dfcf4e33bbe}</UniqueIdentifier>
    </Filter>
  </ItemGroup>
  <ItemGroup>
    <Text Include="EquipmentManager.proto" />
  </ItemGroup>
  <ItemGroup>
    <None Include="mainpage.dox" />
  </ItemGroup>
</Project>